
Microsoft Visual Studio Solution File, Format Version 12.00
# Visual Studio 15
VisualStudioVersion = 15.0.28307.106
MinimumVisualStudioVersion = 10.0.40219.1
Project("{888888A0-9F3D-457C-B088-3A5042F75D52}") = "Trunk", "Trunk.pyproj", "{BCD558CA-895A-4B9E-B5F1-FC185A6FB557}"
EndProject
Global
	GlobalSection(SolutionConfigurationPlatforms) = preSolution
		Debug|Any CPU = Debug|Any CPU
		Release|Any CPU = Release|Any CPU
	EndGlobalSection
	GlobalSection(ProjectConfigurationPlatforms) = postSolution
		{BCD558CA-895A-4B9E-B5F1-FC185A6FB557}.Debug|Any CPU.ActiveCfg = Debug|Any CPU
		{BCD558CA-895A-4B9E-B5F1-FC185A6FB557}.Release|Any CPU.ActiveCfg = Release|Any CPU
	EndGlobalSection
	GlobalSection(SolutionProperties) = preSolution
		HideSolutionNode = FALSE
	EndGlobalSection
	GlobalSection(ExtensibilityGlobals) = postSolution
		SolutionGuid = {BAEA3054-84BB-43DA-9BE9-71CC79A847BE}
	EndGlobalSection
EndGlobal
